# This file is automatically @generated by Cargo.
# It is not intended for manual editing.
version = 3

[[package]]
name = "generator"
version = "0.1.0"
dependencies = [
 "perlin2d",
]

[[package]]
name = "perlin2d"
version = "0.2.6"
source = "registry+https://github.com/rust-lang/crates.io-index"
checksum = "bb6c71cfd92099c43062f059494786cdcbd9cb4dab61389098362b241071cde0"
